# This file was autogenerated by uv via the following command:
#    uv pip compile requirements-api.txt --output-file requirements-api.lock --constraint requirements-api.lock --python-version 3.10 --no-emit-index-url
alembic==1.18.5
    # via
    #   -c requirements-api.lock
    #   -r requirements-api.txt
amqp==5.3.1
    # via kombu
annotated-doc==0.0.5
    # via
    #   -c requirements-api.lock
    #   fastapi
annotated-types==0.8.0
    # via
    #   -c requirements-api.lock
    #   pydantic
anyio==4.14.2
    # via
    #   -c requirements-api.lock
    #   httpx
    #   langsmith
    #   openai
    #   starlette
async-timeout==5.0.1
    # via redis
billiard==4.2.4
    # via celery
celery==5.5.3
    # via -r requirements-api.txt
certifi==2026.7.22
    # via
    #   -c requirements-api.lock
    #   httpcore
    #   httpx
    #   requests
charset-normalizer==3.4.9
    # via
    #   -c requirements-api.lock
    #   requests
click==8.4.2
    # via
    #   -c requirements-api.lock
    #   celery
    #   click-didyoumean
    #   click-plugins
    #   click-repl
    #   uvicorn
click-didyoumean==0.3.1
    # via celery
click-plugins==1.1.1.2
    # via celery
click-repl==0.3.0
    # via celery
colorama==0.4.6
    # via
    #   click
    #   tqdm
distro==1.9.0
    # via
    #   -c requirements-api.lock
    #   langsmith
    #   openai
exceptiongroup==1.3.1
    # via
    #   -c requirements-api.lock
    #   anyio
fastapi==0.141.1
    # via
    #   -c requirements-api.lock
    #   -r requirements-api.txt
googleapis-common-protos==1.75.0
    # via
    #   -c requirements-api.lock
    #   opentelemetry-exporter-otlp-proto-grpc
greenlet==3.5.4
    # via
    #   -c requirements-api.lock
    #   sqlalchemy
grpcio==1.83.0
    # via
    #   -c requirements-api.lock
    #   opentelemetry-exporter-otlp-proto-grpc
    #   qdrant-client
h11==0.16.0
    # via
    #   -c requirements-api.lock
    #   httpcore
    #   uvicorn
h2==4.4.0
    # via
    #   -c requirements-api.lock
    #   httpx
hpack==4.2.0
    # via
    #   -c requirements-api.lock
    #   h2
httpcore==1.0.9
    # via
    #   -c requirements-api.lock
    #   httpx
httpx==0.28.1
    # via
    #   -c requirements-api.lock
    #   -r requirements-api.txt
    #   langgraph-sdk
    #   langsmith
    #   openai
    #   qdrant-client
hyperframe==6.1.0
    # via
    #   -c requirements-api.lock
    #   h2
idna==3.18
    # via
    #   -c requirements-api.lock
    #   anyio
    #   httpx
    #   requests
jiter==0.16.0
    # via
    #   -c requirements-api.lock
    #   openai
jsonpatch==1.33
    # via
    #   -c requirements-api.lock
    #   langchain-core
jsonpointer==3.1.1
    # via
    #   -c requirements-api.lock
    #   jsonpatch
kombu==5.5.4
    # via celery
langchain==1.3.9
    # via
    #   -c requirements-api.lock
    #   -r requirements-api.txt
langchain-core==1.4.7
    # via
    #   -c requirements-api.lock
    #   -r requirements-api.txt
    #   langchain
    #   langchain-openai
    #   langgraph
    #   langgraph-checkpoint
    #   langgraph-prebuilt
    #   langgraph-sdk
langchain-openai==1.1.14
    # via
    #   -c requirements-api.lock
    #   -r requirements-api.txt
langchain-protocol==0.0.18
    # via
    #   -c requirements-api.lock
    #   langchain-core
    #   langgraph-sdk
langgraph==1.2.10
    # via
    #   -c requirements-api.lock
    #   -r requirements-api.txt
    #   langchain
langgraph-checkpoint==4.1.1
    # via
    #   -c requirements-api.lock
    #   langgraph
    #   langgraph-checkpoint-postgres
    #   langgraph-prebuilt
langgraph-checkpoint-postgres==3.1.1
    # via
    #   -c requirements-api.lock
    #   -r requirements-api.txt
langgraph-prebuilt==1.1.0
    # via
    #   -c requirements-api.lock
    #   langgraph
langgraph-sdk==0.4.2
    # via
    #   -c requirements-api.lock
    #   langgraph
langsmith==0.10.15
    # via
    #   -c requirements-api.lock
    #   langchain-core
mako==1.3.12
    # via
    #   -c requirements-api.lock
    #   alembic
markupsafe==3.0.3
    # via
    #   -c requirements-api.lock
    #   mako
numpy==2.2.6
    # via
    #   -c requirements-api.lock
    #   qdrant-client
openai==2.52.0
    # via
    #   -c requirements-api.lock
    #   langchain-openai
opentelemetry-api==1.44.0
    # via
    #   -c requirements-api.lock
    #   -r requirements-api.txt
    #   opentelemetry-exporter-otlp-proto-grpc
    #   opentelemetry-sdk
    #   opentelemetry-semantic-conventions
opentelemetry-exporter-otlp-proto-common==1.44.0
    # via
    #   -c requirements-api.lock
    #   opentelemetry-exporter-otlp-proto-grpc
opentelemetry-exporter-otlp-proto-grpc==1.44.0
    # via
    #   -c requirements-api.lock
    #   -r requirements-api.txt
opentelemetry-proto==1.44.0
    # via
    #   -c requirements-api.lock
    #   opentelemetry-exporter-otlp-proto-common
    #   opentelemetry-exporter-otlp-proto-grpc
opentelemetry-sdk==1.44.0
    # via
    #   -c requirements-api.lock
    #   -r requirements-api.txt
    #   opentelemetry-exporter-otlp-proto-grpc
opentelemetry-semantic-conventions==0.65b0
    # via
    #   -c requirements-api.lock
    #   opentelemetry-sdk
orjson==3.11.9
    # via
    #   -c requirements-api.lock
    #   langgraph-checkpoint-postgres
    #   langgraph-sdk
    #   langsmith
ormsgpack==1.12.2
    # via
    #   -c requirements-api.lock
    #   langgraph-checkpoint
packaging==26.2
    # via
    #   -c requirements-api.lock
    #   kombu
    #   langchain-core
    #   langsmith
portalocker==3.2.0
    # via
    #   -c requirements-api.lock
    #   qdrant-client
prompt-toolkit==3.0.53
    # via click-repl
protobuf==7.35.1
    # via
    #   -c requirements-api.lock
    #   googleapis-common-protos
    #   opentelemetry-proto
    #   qdrant-client
psycopg[binary,pool]==3.3.4
    # via
    #   -c requirements-api.lock
    #   -r requirements-api.txt
    #   langgraph-checkpoint-postgres
psycopg-binary==3.3.4
    # via
    #   -c requirements-api.lock
    #   psycopg
psycopg-pool==3.3.1
    # via
    #   -c requirements-api.lock
    #   langgraph-checkpoint-postgres
    #   psycopg
pydantic==2.13.4
    # via
    #   -c requirements-api.lock
    #   fastapi
    #   langchain
    #   langchain-core
    #   langgraph
    #   langsmith
    #   openai
    #   pydantic-settings
    #   qdrant-client
pydantic-core==2.46.4
    # via
    #   -c requirements-api.lock
    #   pydantic
pydantic-settings==2.14.2
    # via
    #   -c requirements-api.lock
    #   -r requirements-api.txt
pyjwt==2.13.0
    # via
    #   -c requirements-api.lock
    #   -r requirements-api.txt
pypdf==6.14.2
    # via -r requirements-api.txt
python-dateutil==2.9.0.post0
    # via celery
python-dotenv==1.2.2
    # via
    #   -c requirements-api.lock
    #   pydantic-settings
pywin32==312 ; sys_platform == "win32"
    # via portalocker
pyyaml==6.0.2
    # via
    #   -c requirements-api.lock
    #   -r requirements-api.txt
    #   langchain-core
qdrant-client==1.18.0
    # via
    #   -c requirements-api.lock
    #   -r requirements-api.txt
redis==6.4.0
    # via -r requirements-api.txt
regex==2026.7.19
    # via
    #   -c requirements-api.lock
    #   tiktoken
requests==2.34.2
    # via
    #   -c requirements-api.lock
    #   langsmith
    #   requests-toolbelt
    #   tiktoken
requests-toolbelt==1.0.0
    # via
    #   -c requirements-api.lock
    #   langsmith
six==1.17.0
    # via python-dateutil
sniffio==1.3.1
    # via
    #   -c requirements-api.lock
    #   langsmith
    #   openai
sqlalchemy==2.0.51
    # via
    #   -c requirements-api.lock
    #   -r requirements-api.txt
    #   alembic
starlette==1.3.1
    # via
    #   -c requirements-api.lock
    #   fastapi
tenacity==9.1.4
    # via
    #   -c requirements-api.lock
    #   langchain-core
tiktoken==0.13.0
    # via
    #   -c requirements-api.lock
    #   langchain-openai
tomli==2.4.1
    # via
    #   -c requirements-api.lock
    #   alembic
tqdm==4.70.0
    # via
    #   -c requirements-api.lock
    #   openai
typing-extensions==4.16.0
    # via
    #   -c requirements-api.lock
    #   alembic
    #   anyio
    #   exceptiongroup
    #   fastapi
    #   grpcio
    #   langchain-core
    #   langchain-protocol
    #   langsmith
    #   openai
    #   opentelemetry-api
    #   opentelemetry-exporter-otlp-proto-grpc
    #   opentelemetry-sdk
    #   opentelemetry-semantic-conventions
    #   psycopg
    #   psycopg-pool
    #   pydantic
    #   pydantic-core
    #   pyjwt
    #   sqlalchemy
    #   starlette
    #   typing-inspection
    #   uvicorn
typing-inspection==0.4.2
    # via
    #   -c requirements-api.lock
    #   fastapi
    #   pydantic
    #   pydantic-settings
tzdata==2026.3
    # via
    #   kombu
    #   psycopg
urllib3==2.7.0
    # via
    #   -c requirements-api.lock
    #   qdrant-client
    #   requests
uuid-utils==0.17.0
    # via
    #   -c requirements-api.lock
    #   langchain-core
    #   langsmith
uvicorn==0.52.0
    # via
    #   -c requirements-api.lock
    #   -r requirements-api.txt
vine==5.1.0
    # via
    #   amqp
    #   celery
    #   kombu
wcwidth==0.8.2
    # via prompt-toolkit
websockets==15.0.1
    # via
    #   -c requirements-api.lock
    #   langgraph-sdk
    #   langsmith
xxhash==3.8.1
    # via
    #   -c requirements-api.lock
    #   langgraph
    #   langsmith
zstandard==0.25.0
    # via
    #   -c requirements-api.lock
    #   langsmith
